
Microsoft Visual Studio Solution File, Format Version 12.00
# Visual Studio Version 16
VisualStudioVersion = 16.0.30621.155
MinimumVisualStudioVersion = 10.0.40219.1
Project("{9A19103F-16F7-4668-BE54-9A1E7A4F7556}") = "Irisa.Scada.OPC", "Irisa.Scada.OPC.csproj", "{E2032374-9565-43C6-A526-75CA5A64F422}"
EndProject
Project("{2150E333-8FDC-42A3-9474-1A3956D46DE8}") = "Solution Items", "Solution Items", "{8CEA1680-A723-4ADC-B779-F851C85522FB}"
	ProjectSection(SolutionItems) = preProject
		SQL_Schema_Data.sql = SQL_Schema_Data.sql
	EndProjectSection
EndProject
Global
	GlobalSection(SolutionConfigurationPlatforms) = preSolution
		Debug|Any CPU = Debug|Any CPU
		Release|Any CPU = Release|Any CPU
	EndGlobalSection
	GlobalSection(ProjectConfigurationPlatforms) = postSolution
		{E2032374-9565-43C6-A526-75CA5A64F422}.Debug|Any CPU.ActiveCfg = Debug|Any CPU
		{E2032374-9565-43C6-A526-75CA5A64F422}.Debug|Any CPU.Build.0 = Debug|Any CPU
		{E2032374-9565-43C6-A526-75CA5A64F422}.Release|Any CPU.ActiveCfg = Release|Any CPU
		{E2032374-9565-43C6-A526-75CA5A64F422}.Release|Any CPU.Build.0 = Release|Any CPU
	EndGlobalSection
	GlobalSection(SolutionProperties) = preSolution
		HideSolutionNode = FALSE
	EndGlobalSection
	GlobalSection(ExtensibilityGlobals) = postSolution
		SolutionGuid = {A3594381-A2A0-4212-A9F1-2AAB2CA413A7}
	EndGlobalSection
EndGlobal
