Microsoft Visual Studio Solution File, Format Version 12.00
# Visual Studio 16
Project("{FAE04EC0-301F-11d3-BF4B-00C04F79EFBC}") = "RPC_Service", "RPC_Service.csproj", "{28D56460-7DA8-4F86-B53A-189AB69CD833}"
EndProject
Project("{FAE04EC0-301F-11d3-BF4B-00C04F79EFBC}") = "UpgradeHelpers.Utils.ReflectionHelper", "..\UpgradeSupport\UpgradeHelpers.Utils.ReflectionHelper\UpgradeHelpers.Utils.ReflectionHelper.csproj", "{5017838D-543B-42AA-BF16-B2F9CB7F2BFA}"
EndProject
Project("{FAE04EC0-301F-11d3-BF4B-00C04F79EFBC}") = "UpgradeHelpers.Utils", "..\UpgradeSupport\UpgradeHelpers.Utils\UpgradeHelpers.Utils.csproj", "{31FF0BB3-7EFB-487F-99B9-DEEE98F97353}"
EndProject
Project("{FAE04EC0-301F-11d3-BF4B-00C04F79EFBC}") = "UpgradeHelpers.NotUpgradeHelper", "..\UpgradeSupport\UpgradeHelpers.NotUpgradeHelper\UpgradeHelpers.NotUpgradeHelper.csproj", "{05A2E989-A9DB-4E04-97C6-7412C1F442F3}"
EndProject
Project("{FAE04EC0-301F-11d3-BF4B-00C04F79EFBC}") = "RPCSupport", "RPCSupport\RPCSupport.csproj", "{73EF7EDB-953B-415E-87AC-604B7BAECAFB}"
EndProject
Project("{2150E333-8FDC-42a3-9474-1A3956D46DE8}") = "RPC_Service.csproj", "RPC_Service.csproj", "{2E853B60-D96F-42AB-81A6-FF1E0954D73A}"
EndProject
Project("{2150E333-8FDC-42a3-9474-1A3956D46DE8}") = "UpgradeSupport", "UpgradeSupport", "{1577D132-38AF-4C6B-8CE0-23737892AD56}"
EndProject
Project("{2150E333-8FDC-42a3-9474-1A3956D46DE8}") = "UpgradeHelpers.Utils.ReflectionHelper", "UpgradeHelpers.Utils.ReflectionHelper", "{5B6E3A4C-1130-48BE-AFE6-049F813A56AF}"
EndProject
Project("{2150E333-8FDC-42a3-9474-1A3956D46DE8}") = "UpgradeHelpers.Utils", "UpgradeHelpers.Utils", "{35EBE050-BC70-4BA5-9BC5-093837E75A1B}"
EndProject
Project("{2150E333-8FDC-42a3-9474-1A3956D46DE8}") = "UpgradeHelpers.NotUpgradeHelper", "UpgradeHelpers.NotUpgradeHelper", "{C8699EDD-5BF3-4112-A8CA-09689BC687AC}"
EndProject
Project("{2150E333-8FDC-42a3-9474-1A3956D46DE8}") = "RPCSupport", "RPCSupport", "{065E6B64-2B4C-4238-BC80-94B36F02F1C1}"
EndProject
Global
	GlobalSection(SolutionConfigurationPlatforms) = preSolution
		Debug|Mixed Platforms = Debug|Mixed Platforms
		Debug|x86 = Debug|x86
		Release|Mixed Platforms = Release|Mixed Platforms
		Release|x86 = Release|x86
	EndGlobalSection
	GlobalSection(ProjectConfigurationPlatforms) = postSolution
		{28D56460-7DA8-4F86-B53A-189AB69CD833}.Debug|Mixed Platforms.ActiveCfg = Debug|x86
		{28D56460-7DA8-4F86-B53A-189AB69CD833}.Debug|Mixed Platforms.Build.0 = Debug|x86
		{28D56460-7DA8-4F86-B53A-189AB69CD833}.Debug|x86.ActiveCfg = Debug|x86
		{28D56460-7DA8-4F86-B53A-189AB69CD833}.Debug|x86.Build.0 = Debug|x86
		{28D56460-7DA8-4F86-B53A-189AB69CD833}.Release|Mixed Platforms.ActiveCfg = Release|x86
		{28D56460-7DA8-4F86-B53A-189AB69CD833}.Release|Mixed Platforms.Build.0 = Release|x86
		{28D56460-7DA8-4F86-B53A-189AB69CD833}.Release|x86.ActiveCfg = Release|x86
		{28D56460-7DA8-4F86-B53A-189AB69CD833}.Release|x86.Build.0 = Release|x86
		{5017838D-543B-42AA-BF16-B2F9CB7F2BFA}.Debug|Mixed Platforms.ActiveCfg = Debug|x86
		{5017838D-543B-42AA-BF16-B2F9CB7F2BFA}.Debug|Mixed Platforms.Build.0 = Debug|x86
		{5017838D-543B-42AA-BF16-B2F9CB7F2BFA}.Debug|x86.ActiveCfg = Debug|x86
		{5017838D-543B-42AA-BF16-B2F9CB7F2BFA}.Debug|x86.Build.0 = Debug|x86
		{5017838D-543B-42AA-BF16-B2F9CB7F2BFA}.Release|Mixed Platforms.ActiveCfg = Release|x86
		{5017838D-543B-42AA-BF16-B2F9CB7F2BFA}.Release|Mixed Platforms.Build.0 = Release|x86
		{5017838D-543B-42AA-BF16-B2F9CB7F2BFA}.Release|x86.ActiveCfg = Release|x86
		{5017838D-543B-42AA-BF16-B2F9CB7F2BFA}.Release|x86.Build.0 = Release|x86
		{31FF0BB3-7EFB-487F-99B9-DEEE98F97353}.Debug|Mixed Platforms.ActiveCfg = Debug|x86
		{31FF0BB3-7EFB-487F-99B9-DEEE98F97353}.Debug|Mixed Platforms.Build.0 = Debug|x86
		{31FF0BB3-7EFB-487F-99B9-DEEE98F97353}.Debug|x86.ActiveCfg = Debug|x86
		{31FF0BB3-7EFB-487F-99B9-DEEE98F97353}.Debug|x86.Build.0 = Debug|x86
		{31FF0BB3-7EFB-487F-99B9-DEEE98F97353}.Release|Mixed Platforms.ActiveCfg = Release|x86
		{31FF0BB3-7EFB-487F-99B9-DEEE98F97353}.Release|Mixed Platforms.Build.0 = Release|x86
		{31FF0BB3-7EFB-487F-99B9-DEEE98F97353}.Release|x86.ActiveCfg = Release|x86
		{31FF0BB3-7EFB-487F-99B9-DEEE98F97353}.Release|x86.Build.0 = Release|x86
		{05A2E989-A9DB-4E04-97C6-7412C1F442F3}.Debug|Mixed Platforms.ActiveCfg = Debug|x86
		{05A2E989-A9DB-4E04-97C6-7412C1F442F3}.Debug|Mixed Platforms.Build.0 = Debug|x86
		{05A2E989-A9DB-4E04-97C6-7412C1F442F3}.Debug|x86.ActiveCfg = Debug|x86
		{05A2E989-A9DB-4E04-97C6-7412C1F442F3}.Debug|x86.Build.0 = Debug|x86
		{05A2E989-A9DB-4E04-97C6-7412C1F442F3}.Release|Mixed Platforms.ActiveCfg = Release|x86
		{05A2E989-A9DB-4E04-97C6-7412C1F442F3}.Release|Mixed Platforms.Build.0 = Release|x86
		{05A2E989-A9DB-4E04-97C6-7412C1F442F3}.Release|x86.ActiveCfg = Release|x86
		{05A2E989-A9DB-4E04-97C6-7412C1F442F3}.Release|x86.Build.0 = Release|x86
		{73EF7EDB-953B-415E-87AC-604B7BAECAFB}.Debug|Mixed Platforms.ActiveCfg = Debug|x86
		{73EF7EDB-953B-415E-87AC-604B7BAECAFB}.Debug|Mixed Platforms.Build.0 = Debug|x86
		{73EF7EDB-953B-415E-87AC-604B7BAECAFB}.Debug|x86.ActiveCfg = Debug|x86
		{73EF7EDB-953B-415E-87AC-604B7BAECAFB}.Debug|x86.Build.0 = Debug|x86
		{73EF7EDB-953B-415E-87AC-604B7BAECAFB}.Release|Mixed Platforms.ActiveCfg = Release|x86
		{73EF7EDB-953B-415E-87AC-604B7BAECAFB}.Release|Mixed Platforms.Build.0 = Release|x86
		{73EF7EDB-953B-415E-87AC-604B7BAECAFB}.Release|x86.ActiveCfg = Release|x86
		{73EF7EDB-953B-415E-87AC-604B7BAECAFB}.Release|x86.Build.0 = Release|x86
	EndGlobalSection
	GlobalSection(SolutionProperties) = preSolution
		HideSolutionNode = FALSE
	EndGlobalSection
	GlobalSection(NestedProjects) = preSolution
		{5B6E3A4C-1130-48BE-AFE6-049F813A56AF} = {1577D132-38AF-4C6B-8CE0-23737892AD56}
		{35EBE050-BC70-4BA5-9BC5-093837E75A1B} = {1577D132-38AF-4C6B-8CE0-23737892AD56}
		{C8699EDD-5BF3-4112-A8CA-09689BC687AC} = {1577D132-38AF-4C6B-8CE0-23737892AD56}
		{28D56460-7DA8-4F86-B53A-189AB69CD833} = {2E853B60-D96F-42AB-81A6-FF1E0954D73A}
		{5017838D-543B-42AA-BF16-B2F9CB7F2BFA} = {5B6E3A4C-1130-48BE-AFE6-049F813A56AF}
		{31FF0BB3-7EFB-487F-99B9-DEEE98F97353} = {35EBE050-BC70-4BA5-9BC5-093837E75A1B}
		{05A2E989-A9DB-4E04-97C6-7412C1F442F3} = {C8699EDD-5BF3-4112-A8CA-09689BC687AC}
		{73EF7EDB-953B-415E-87AC-604B7BAECAFB} = {065E6B64-2B4C-4238-BC80-94B36F02F1C1}
	EndGlobalSection
EndGlobal
